
Microsoft Visual Studio Solution File, Format Version 12.00
# Visual Studio Version 17
VisualStudioVersion = 17.9.34728.123
MinimumVisualStudioVersion = 10.0.40219.1
Project("{FAE04EC0-301F-11D3-BF4B-00C04F79EFBC}") = "Yamp3", "Yamp3\Yamp3.csproj", "{8B613D41-B00B-4C2B-A113-C1E4D50DCE0B}"
EndProject
Global
	GlobalSection(SolutionConfigurationPlatforms) = preSolution
		Debug|Any CPU = Debug|Any CPU
		Release|Any CPU = Release|Any CPU
	EndGlobalSection
	GlobalSection(ProjectConfigurationPlatforms) = postSolution
		{8B613D41-B00B-4C2B-A113-C1E4D50DCE0B}.Debug|Any CPU.ActiveCfg = Debug|Any CPU
		{8B613D41-B00B-4C2B-A113-C1E4D50DCE0B}.Debug|Any CPU.Build.0 = Debug|Any CPU
		{8B613D41-B00B-4C2B-A113-C1E4D50DCE0B}.Release|Any CPU.ActiveCfg = Release|Any CPU
		{8B613D41-B00B-4C2B-A113-C1E4D50DCE0B}.Release|Any CPU.Build.0 = Release|Any CPU
	EndGlobalSection
	GlobalSection(SolutionProperties) = preSolution
		HideSolutionNode = FALSE
	EndGlobalSection
	GlobalSection(ExtensibilityGlobals) = postSolution
		SolutionGuid = {51905E0B-87B6-4C4D-B7D1-B3687D1286C9}
	EndGlobalSection
EndGlobal
